# THIS IS AN AUTOGENERATED FILE. DO NOT EDIT THIS FILE DIRECTLY.
# yarn lockfile v1


"@alloc/quick-lru@^5.2.0":
  version "5.2.0"
  resolved "https://registry.npmjs.org/@alloc/quick-lru/-/quick-lru-5.2.0.tgz"
  integrity sha512-UrcABB+4bUrFABwbluTIBErXwvbsU/V7TZWfmbgJfbkwiBuziS9gxdODUyuiecfdGQ85jglMW6juS3+z5TsKLw==

"@emotion/is-prop-valid@latest":
  version "1.3.1"
  resolved "https://registry.npmjs.org/@emotion/is-prop-valid/-/is-prop-valid-1.3.1.tgz"
  integrity sha512-/ACwoqx7XQi9knQs/G0qKvv5teDMhD7bXYns9N/wM8ah8iNb8jZ2uNO0YOgiq2o2poIvVtJS2YALasQuMSQ7Kw==
  dependencies:
    "@emotion/memoize" "^0.9.0"

"@emotion/memoize@^0.9.0":
  version "0.9.0"
  resolved "https://registry.npmjs.org/@emotion/memoize/-/memoize-0.9.0.tgz"
  integrity sha512-30FAj7/EoJ5mwVPOWhAyCX+FPfMDrVecJAM+Iw9NRoSl4BBAQeqj4cApHHUXOVvIPgLVDsCFoz/hGD+5QQD1GQ==

"@hookform/resolvers@^3.9.1":
  version "3.10.0"
  resolved "https://registry.npmjs.org/@hookform/resolvers/-/resolvers-3.10.0.tgz"
  integrity sha512-79Dv+3mDF7i+2ajj7SkypSKHhl1cbln1OGavqrsF7p6mbUv11xpqpacPsGDCTRvCSjEEIez2ef1NveSVL3b0Ag==

"@img/sharp-darwin-arm64@0.34.1":
  version "0.34.1"
  resolved "https://registry.npmjs.org/@img/sharp-darwin-arm64/-/sharp-darwin-arm64-0.34.1.tgz"
  integrity sha512-pn44xgBtgpEbZsu+lWf2KNb6OAf70X68k+yk69Ic2Xz11zHR/w24/U49XT7AeRwJ0Px+mhALhU5LPci1Aymk7A==
  optionalDependencies:
    "@img/sharp-libvips-darwin-arm64" "1.1.0"

"@img/sharp-libvips-darwin-arm64@1.1.0":
  version "1.1.0"
  resolved "https://registry.npmjs.org/@img/sharp-libvips-darwin-arm64/-/sharp-libvips-darwin-arm64-1.1.0.tgz"
  integrity sha512-HZ/JUmPwrJSoM4DIQPv/BfNh9yrOA8tlBbqbLz4JZ5uew2+o22Ik+tHQJcih7QJuSa0zo5coHTfD5J8inqj9DA==

"@next/env@15.3.2":
  version "15.3.2"
  resolved "https://registry.npmjs.org/@next/env/-/env-15.3.2.tgz"
  integrity sha512-xURk++7P7qR9JG1jJtLzPzf0qEvqCN0A/T3DXf8IPMKo9/6FfjxtEffRJIIew/bIL4T3C2jLLqBor8B/zVlx6g==

"@next/swc-darwin-arm64@15.3.2":
  version "15.3.2"
  resolved "https://registry.npmjs.org/@next/swc-darwin-arm64/-/swc-darwin-arm64-15.3.2.tgz"
  integrity sha512-2DR6kY/OGcokbnCsjHpNeQblqCZ85/1j6njYSkzRdpLn5At7OkSdmk7WyAmB9G0k25+VgqVZ/u356OSoQZ3z0g==

"@radix-ui/primitive@1.1.1":
  version "1.1.1"
  resolved "https://registry.npmjs.org/@radix-ui/primitive/-/primitive-1.1.1.tgz"
  integrity sha512-SJ31y+Q/zAyShtXJc8x83i9TYdbAfHZ++tUZnvjJJqFjzsdUnKsxPL6IEtBlxKkU7yzer//GQtZSV4GbldL3YA==

"@radix-ui/primitive@1.1.2":
  version "1.1.2"
  resolved "https://registry.npmjs.org/@radix-ui/primitive/-/primitive-1.1.2.tgz"
  integrity sha512-XnbHrrprsNqZKQhStrSwgRUQzoCI1glLzdw79xiZPoofhGICeZRSQ3dIxAKH1gb3OHfNf4d6f+vAv3kil2eggA==

"@radix-ui/react-accordion@1.2.2":
  version "1.2.2"
  resolved "https://registry.npmjs.org/@radix-ui/react-accordion/-/react-accordion-1.2.2.tgz"
  integrity sha512-b1oh54x4DMCdGsB4/7ahiSrViXxaBwRPotiZNnYXjLha9vfuURSAZErki6qjDoSIV0eXx5v57XnTGVtGwnfp2g==
  dependencies:
    "@radix-ui/primitive" "1.1.1"
    "@radix-ui/react-collapsible" "1.1.2"
    "@radix-ui/react-collection" "1.1.1"
    "@radix-ui/react-compose-refs" "1.1.1"
    "@radix-ui/react-context" "1.1.1"
    "@radix-ui/react-direction" "1.1.0"
    "@radix-ui/react-id" "1.1.0"
    "@radix-ui/react-primitive" "2.0.1"
    "@radix-ui/react-use-controllable-state" "1.1.0"

"@radix-ui/react-collapsible@1.1.2":
  version "1.1.2"
  resolved "https://registry.npmjs.org/@radix-ui/react-collapsible/-/react-collapsible-1.1.2.tgz"
  integrity sha512-PliMB63vxz7vggcyq0IxNYk8vGDrLXVWw4+W4B8YnwI1s18x7YZYqlG9PLX7XxAJUi0g2DxP4XKJMFHh/iVh9A==
  dependencies:
    "@radix-ui/primitive" "1.1.1"
    "@radix-ui/react-compose-refs" "1.1.1"
    "@radix-ui/react-context" "1.1.1"
    "@radix-ui/react-id" "1.1.0"
    "@radix-ui/react-presence" "1.1.2"
    "@radix-ui/react-primitive" "2.0.1"
    "@radix-ui/react-use-controllable-state" "1.1.0"
    "@radix-ui/react-use-layout-effect" "1.1.0"

"@radix-ui/react-collection@1.1.1":
  version "1.1.1"
  resolved "https://registry.npmjs.org/@radix-ui/react-collection/-/react-collection-1.1.1.tgz"
  integrity sha512-LwT3pSho9Dljg+wY2KN2mrrh6y3qELfftINERIzBUO9e0N+t0oMTyn3k9iv+ZqgrwGkRnLpNJrsMv9BZlt2yuA==
  dependencies:
    "@radix-ui/react-compose-refs" "1.1.1"
    "@radix-ui/react-context" "1.1.1"
    "@radix-ui/react-primitive" "2.0.1"
    "@radix-ui/react-slot" "1.1.1"

"@radix-ui/react-collection@1.1.6":
  version "1.1.6"
  resolved "https://registry.npmjs.org/@radix-ui/react-collection/-/react-collection-1.1.6.tgz"
  integrity sha512-PbhRFK4lIEw9ADonj48tiYWzkllz81TM7KVYyyMMw2cwHO7D5h4XKEblL8NlaRisTK3QTe6tBEhDccFUryxHBQ==
  dependencies:
    "@radix-ui/react-compose-refs" "1.1.2"
    "@radix-ui/react-context" "1.1.2"
    "@radix-ui/react-primitive" "2.1.2"
    "@radix-ui/react-slot" "1.2.2"

"@radix-ui/react-compose-refs@1.1.1":
  version "1.1.1"
  resolved "https://registry.npmjs.org/@radix-ui/react-compose-refs/-/react-compose-refs-1.1.1.tgz"
  integrity sha512-Y9VzoRDSJtgFMUCoiZBDVo084VQ5hfpXxVE+NgkdNsjiDBByiImMZKKhxMwCbdHvhlENG6a833CbFkOQvTricw==

"@radix-ui/react-compose-refs@1.1.2":
  version "1.1.2"
  resolved "https://registry.npmjs.org/@radix-ui/react-compose-refs/-/react-compose-refs-1.1.2.tgz"
  integrity sha512-z4eqJvfiNnFMHIIvXP3CY57y2WJs5g2v3X0zm9mEJkrkNv4rDxu+sg9Jh8EkXyeqBkB7SOcboo9dMVqhyrACIg==

"@radix-ui/react-context@1.1.1":
  version "1.1.1"
  resolved "https://registry.npmjs.org/@radix-ui/react-context/-/react-context-1.1.1.tgz"
  integrity sha512-UASk9zi+crv9WteK/NU4PLvOoL3OuE6BWVKNF6hPRBtYBDXQ2u5iu3O59zUlJiTVvkyuycnqrztsHVJwcK9K+Q==

"@radix-ui/react-context@1.1.2":
  version "1.1.2"
  resolved "https://registry.npmjs.org/@radix-ui/react-context/-/react-context-1.1.2.tgz"
  integrity sha512-jCi/QKUM2r1Ju5a3J64TH2A5SpKAgh0LpknyqdQ4m6DCV0xJ2HG1xARRwNGPQfi1SLdLWZ1OJz6F4OMBBNiGJA==

"@radix-ui/react-dialog@^1.1.1", "@radix-ui/react-dialog@^1.1.2":
  version "1.1.13"
  resolved "https://registry.npmjs.org/@radix-ui/react-dialog/-/react-dialog-1.1.13.tgz"
  integrity sha512-ARFmqUyhIVS3+riWzwGTe7JLjqwqgnODBUZdqpWar/z1WFs9z76fuOs/2BOWCR+YboRn4/WN9aoaGVwqNRr8VA==
  dependencies:
    "@radix-ui/primitive" "1.1.2"
    "@radix-ui/react-compose-refs" "1.1.2"
    "@radix-ui/react-context" "1.1.2"
    "@radix-ui/react-dismissable-layer" "1.1.9"
    "@radix-ui/react-focus-guards" "1.1.2"
    "@radix-ui/react-focus-scope" "1.1.6"
    "@radix-ui/react-id" "1.1.1"
    "@radix-ui/react-portal" "1.1.8"
    "@radix-ui/react-presence" "1.1.4"
    "@radix-ui/react-primitive" "2.1.2"
    "@radix-ui/react-slot" "1.2.2"
    "@radix-ui/react-use-controllable-state" "1.2.2"
    aria-hidden "^1.2.4"
    react-remove-scroll "^2.6.3"

"@radix-ui/react-direction@1.1.0":
  version "1.1.0"
  resolved "https://registry.npmjs.org/@radix-ui/react-direction/-/react-direction-1.1.0.tgz"
  integrity sha512-BUuBvgThEiAXh2DWu93XsT+a3aWrGqolGlqqw5VU1kG7p/ZH2cuDlM1sRLNnY3QcBS69UIz2mcKhMxDsdewhjg==

"@radix-ui/react-direction@1.1.1":
  version "1.1.1"
  resolved "https://registry.npmjs.org/@radix-ui/react-direction/-/react-direction-1.1.1.tgz"
  integrity sha512-1UEWRX6jnOA2y4H5WczZ44gOOjTEmlqv1uNW4GAJEO5+bauCBhv8snY65Iw5/VOS/ghKN9gr2KjnLKxrsvoMVw==

"@radix-ui/react-dismissable-layer@1.1.9":
  version "1.1.9"
  resolved "https://registry.npmjs.org/@radix-ui/react-dismissable-layer/-/react-dismissable-layer-1.1.9.tgz"
  integrity sha512-way197PiTvNp+WBP7svMJasHl+vibhWGQDb6Mgf5mhEWJkgb85z7Lfl9TUdkqpWsf8GRNmoopx9ZxCyDzmgRMQ==
  dependencies:
    "@radix-ui/primitive" "1.1.2"
    "@radix-ui/react-compose-refs" "1.1.2"
    "@radix-ui/react-primitive" "2.1.2"
    "@radix-ui/react-use-callback-ref" "1.1.1"
    "@radix-ui/react-use-escape-keydown" "1.1.1"

"@radix-ui/react-focus-guards@1.1.2":
  version "1.1.2"
  resolved "https://registry.npmjs.org/@radix-ui/react-focus-guards/-/react-focus-guards-1.1.2.tgz"
  integrity sha512-fyjAACV62oPV925xFCrH8DR5xWhg9KYtJT4s3u54jxp+L/hbpTY2kIeEFFbFe+a/HCE94zGQMZLIpVTPVZDhaA==

"@radix-ui/react-focus-scope@1.1.6":
  version "1.1.6"
  resolved "https://registry.npmjs.org/@radix-ui/react-focus-scope/-/react-focus-scope-1.1.6.tgz"
  integrity sha512-r9zpYNUQY+2jWHWZGyddQLL9YHkM/XvSFHVcWs7bdVuxMAnCwTAuy6Pf47Z4nw7dYcUou1vg/VgjjrrH03VeBw==
  dependencies:
    "@radix-ui/react-compose-refs" "1.1.2"
    "@radix-ui/react-primitive" "2.1.2"
    "@radix-ui/react-use-callback-ref" "1.1.1"

"@radix-ui/react-id@^1.1.0":
  version "1.1.1"
  resolved "https://registry.npmjs.org/@radix-ui/react-id/-/react-id-1.1.1.tgz"
  integrity sha512-kGkGegYIdQsOb4XjsfM97rXsiHaBwco+hFI66oO4s9LU+PLAC5oJ7khdOVFxkhsmlbpUqDAvXw11CluXP+jkHg==
  dependencies:
    "@radix-ui/react-use-layout-effect" "1.1.1"

"@radix-ui/react-id@1.1.0":
  version "1.1.0"
  resolved "https://registry.npmjs.org/@radix-ui/react-id/-/react-id-1.1.0.tgz"
  integrity sha512-EJUrI8yYh7WOjNOqpoJaf1jlFIH2LvtgAl+YcFqNCa+4hj64ZXmPkAKOFs/ukjz3byN6bdb/AVUqHkI8/uWWMA==
  dependencies:
    "@radix-ui/react-use-layout-effect" "1.1.0"

"@radix-ui/react-id@1.1.1":
  version "1.1.1"
  resolved "https://registry.npmjs.org/@radix-ui/react-id/-/react-id-1.1.1.tgz"
  integrity sha512-kGkGegYIdQsOb4XjsfM97rXsiHaBwco+hFI66oO4s9LU+PLAC5oJ7khdOVFxkhsmlbpUqDAvXw11CluXP+jkHg==
  dependencies:
    "@radix-ui/react-use-layout-effect" "1.1.1"

"@radix-ui/react-portal@1.1.8":
  version "1.1.8"
  resolved "https://registry.npmjs.org/@radix-ui/react-portal/-/react-portal-1.1.8.tgz"
  integrity sha512-hQsTUIn7p7fxCPvao/q6wpbxmCwgLrlz+nOrJgC+RwfZqWY/WN+UMqkXzrtKbPrF82P43eCTl3ekeKuyAQbFeg==
  dependencies:
    "@radix-ui/react-primitive" "2.1.2"
    "@radix-ui/react-use-layout-effect" "1.1.1"

"@radix-ui/react-presence@1.1.2":
  version "1.1.2"
  resolved "https://registry.npmjs.org/@radix-ui/react-presence/-/react-presence-1.1.2.tgz"
  integrity sha512-18TFr80t5EVgL9x1SwF/YGtfG+l0BS0PRAlCWBDoBEiDQjeKgnNZRVJp/oVBl24sr3Gbfwc/Qpj4OcWTQMsAEg==
  dependencies:
    "@radix-ui/react-compose-refs" "1.1.1"
    "@radix-ui/react-use-layout-effect" "1.1.0"

"@radix-ui/react-presence@1.1.4":
  version "1.1.4"
  resolved "https://registry.npmjs.org/@radix-ui/react-presence/-/react-presence-1.1.4.tgz"
  integrity sha512-ueDqRbdc4/bkaQT3GIpLQssRlFgWaL/U2z/S31qRwwLWoxHLgry3SIfCwhxeQNbirEUXFa+lq3RL3oBYXtcmIA==
  dependencies:
    "@radix-ui/react-compose-refs" "1.1.2"
    "@radix-ui/react-use-layout-effect" "1.1.1"

"@radix-ui/react-primitive@^2.0.0", "@radix-ui/react-primitive@2.1.2":
  version "2.1.2"
  resolved "https://registry.npmjs.org/@radix-ui/react-primitive/-/react-primitive-2.1.2.tgz"
  integrity sha512-uHa+l/lKfxuDD2zjN/0peM/RhhSmRjr5YWdk/37EnSv1nJ88uvG85DPexSm8HdFQROd2VdERJ6ynXbkCFi+APw==
  dependencies:
    "@radix-ui/react-slot" "1.2.2"

"@radix-ui/react-primitive@2.0.1":
  version "2.0.1"
  resolved "https://registry.npmjs.org/@radix-ui/react-primitive/-/react-primitive-2.0.1.tgz"
  integrity sha512-sHCWTtxwNn3L3fH8qAfnF3WbUZycW93SM1j3NFDzXBiz8D6F5UTTy8G1+WFEaiCdvCVRJWj6N2R4Xq6HdiHmDg==
  dependencies:
    "@radix-ui/react-slot" "1.1.1"

"@radix-ui/react-roving-focus@1.1.9":
  version "1.1.9"
  resolved "https://registry.npmjs.org/@radix-ui/react-roving-focus/-/react-roving-focus-1.1.9.tgz"
  integrity sha512-ZzrIFnMYHHCNqSNCsuN6l7wlewBEq0O0BCSBkabJMFXVO51LRUTq71gLP1UxFvmrXElqmPjA5VX7IqC9VpazAQ==
  dependencies:
    "@radix-ui/primitive" "1.1.2"
    "@radix-ui/react-collection" "1.1.6"
    "@radix-ui/react-compose-refs" "1.1.2"
    "@radix-ui/react-context" "1.1.2"
    "@radix-ui/react-direction" "1.1.1"
    "@radix-ui/react-id" "1.1.1"
    "@radix-ui/react-primitive" "2.1.2"
    "@radix-ui/react-use-callback-ref" "1.1.1"
    "@radix-ui/react-use-controllable-state" "1.2.2"

"@radix-ui/react-slot@1.1.1":
  version "1.1.1"
  resolved "https://registry.npmjs.org/@radix-ui/react-slot/-/react-slot-1.1.1.tgz"
  integrity sha512-RApLLOcINYJA+dMVbOju7MYv1Mb2EBp2nH4HdDzXTSyaR5optlm6Otrz1euW3HbdOR8UmmFK06TD+A9frYWv+g==
  dependencies:
    "@radix-ui/react-compose-refs" "1.1.1"

"@radix-ui/react-slot@1.2.2":
  version "1.2.2"
  resolved "https://registry.npmjs.org/@radix-ui/react-slot/-/react-slot-1.2.2.tgz"
  integrity sha512-y7TBO4xN4Y94FvcWIOIh18fM4R1A8S4q1jhoz4PNzOoHsFcN8pogcFmZrTYAm4F9VRUrWP/Mw7xSKybIeRI+CQ==
  dependencies:
    "@radix-ui/react-compose-refs" "1.1.2"

"@radix-ui/react-tabs@^1.1.11":
  version "1.1.11"
  resolved "https://registry.npmjs.org/@radix-ui/react-tabs/-/react-tabs-1.1.11.tgz"
  integrity sha512-4FiKSVoXqPP/KfzlB7lwwqoFV6EPwkrrqGp9cUYXjwDYHhvpnqq79P+EPHKcdoTE7Rl8w/+6s9rTlsfXHES9GA==
  dependencies:
    "@radix-ui/primitive" "1.1.2"
    "@radix-ui/react-context" "1.1.2"
    "@radix-ui/react-direction" "1.1.1"
    "@radix-ui/react-id" "1.1.1"
    "@radix-ui/react-presence" "1.1.4"
    "@radix-ui/react-primitive" "2.1.2"
    "@radix-ui/react-roving-focus" "1.1.9"
    "@radix-ui/react-use-controllable-state" "1.2.2"

"@radix-ui/react-use-callback-ref@1.1.0":
  version "1.1.0"
  resolved "https://registry.npmjs.org/@radix-ui/react-use-callback-ref/-/react-use-callback-ref-1.1.0.tgz"
  integrity sha512-CasTfvsy+frcFkbXtSJ2Zu9JHpN8TYKxkgJGWbjiZhFivxaeW7rMeZt7QELGVLaYVfFMsKHjb7Ak0nMEe+2Vfw==

"@radix-ui/react-use-callback-ref@1.1.1":
  version "1.1.1"
  resolved "https://registry.npmjs.org/@radix-ui/react-use-callback-ref/-/react-use-callback-ref-1.1.1.tgz"
  integrity sha512-FkBMwD+qbGQeMu1cOHnuGB6x4yzPjho8ap5WtbEJ26umhgqVXbhekKUQO+hZEL1vU92a3wHwdp0HAcqAUF5iDg==

"@radix-ui/react-use-controllable-state@1.1.0":
  version "1.1.0"
  resolved "https://registry.npmjs.org/@radix-ui/react-use-controllable-state/-/react-use-controllable-state-1.1.0.tgz"
  integrity sha512-MtfMVJiSr2NjzS0Aa90NPTnvTSg6C/JLCV7ma0W6+OMV78vd8OyRpID+Ng9LxzsPbLeuBnWBA1Nq30AtBIDChw==
  dependencies:
    "@radix-ui/react-use-callback-ref" "1.1.0"

"@radix-ui/react-use-controllable-state@1.2.2":
  version "1.2.2"
  resolved "https://registry.npmjs.org/@radix-ui/react-use-controllable-state/-/react-use-controllable-state-1.2.2.tgz"
  integrity sha512-BjasUjixPFdS+NKkypcyyN5Pmg83Olst0+c6vGov0diwTEo6mgdqVR6hxcEgFuh4QrAs7Rc+9KuGJ9TVCj0Zzg==
  dependencies:
    "@radix-ui/react-use-effect-event" "0.0.2"
    "@radix-ui/react-use-layout-effect" "1.1.1"

"@radix-ui/react-use-effect-event@0.0.2":
  version "0.0.2"
  resolved "https://registry.npmjs.org/@radix-ui/react-use-effect-event/-/react-use-effect-event-0.0.2.tgz"
  integrity sha512-Qp8WbZOBe+blgpuUT+lw2xheLP8q0oatc9UpmiemEICxGvFLYmHm9QowVZGHtJlGbS6A6yJ3iViad/2cVjnOiA==
  dependencies:
    "@radix-ui/react-use-layout-effect" "1.1.1"

"@radix-ui/react-use-escape-keydown@1.1.1":
  version "1.1.1"
  resolved "https://registry.npmjs.org/@radix-ui/react-use-escape-keydown/-/react-use-escape-keydown-1.1.1.tgz"
  integrity sha512-Il0+boE7w/XebUHyBjroE+DbByORGR9KKmITzbR7MyQ4akpORYP/ZmbhAr0DG7RmmBqoOnZdy2QlvajJ2QA59g==
  dependencies:
    "@radix-ui/react-use-callback-ref" "1.1.1"

"@radix-ui/react-use-layout-effect@1.1.0":
  version "1.1.0"
  resolved "https://registry.npmjs.org/@radix-ui/react-use-layout-effect/-/react-use-layout-effect-1.1.0.tgz"
  integrity sha512-+FPE0rOdziWSrH9athwI1R0HDVbWlEhd+FR+aSDk4uWGmSJ9Z54sdZVDQPZAinJhJXwfT+qnj969mCsT2gfm5w==

"@radix-ui/react-use-layout-effect@1.1.1":
  version "1.1.1"
  resolved "https://registry.npmjs.org/@radix-ui/react-use-layout-effect/-/react-use-layout-effect-1.1.1.tgz"
  integrity sha512-RbJRS4UWQFkzHTTwVymMTUv8EqYhOp8dOOviLj2ugtTiXRaRQS7GLGxZTLL1jWhMeoSCf5zmcZkqTl9IiYfXcQ==

"@swc/counter@0.1.3":
  version "0.1.3"
  resolved "https://registry.npmjs.org/@swc/counter/-/counter-0.1.3.tgz"
  integrity sha512-e2BR4lsJkkRlKZ/qCHPw9ZaSxc0MVUd7gtbtaB7aMvHeJVYe8sOB8DBZkP2DtISHGSku9sCK6T6cnY0CtXrOCQ==

"@swc/helpers@0.5.15":
  version "0.5.15"
  resolved "https://registry.npmjs.org/@swc/helpers/-/helpers-0.5.15.tgz"
  integrity sha512-JQ5TuMi45Owi4/BIMAJBoSQoOJu12oOk/gADqlcUL9JEdHB8vyjUSsxqeNXnmXHjYKMi2WcYtezGEEhqUI/E2g==
  dependencies:
    tslib "^2.8.0"

"@tailwindcss/node@4.1.5":
  version "4.1.5"
  resolved "https://registry.npmjs.org/@tailwindcss/node/-/node-4.1.5.tgz"
  integrity sha512-CBhSWo0vLnWhXIvpD0qsPephiaUYfHUX3U9anwDaHZAeuGpTiB3XmsxPAN6qX7bFhipyGBqOa1QYQVVhkOUGxg==
  dependencies:
    enhanced-resolve "^5.18.1"
    jiti "^2.4.2"
    lightningcss "1.29.2"
    tailwindcss "4.1.5"

"@tailwindcss/oxide-darwin-arm64@4.1.5":
  version "4.1.5"
  resolved "https://registry.npmjs.org/@tailwindcss/oxide-darwin-arm64/-/oxide-darwin-arm64-4.1.5.tgz"
  integrity sha512-//TfCA3pNrgnw4rRJOqavW7XUk8gsg9ddi8cwcsWXp99tzdBAZW0WXrD8wDyNbqjW316Pk2hiN/NJx/KWHl8oA==

"@tailwindcss/oxide@4.1.5":
  version "4.1.5"
  resolved "https://registry.npmjs.org/@tailwindcss/oxide/-/oxide-4.1.5.tgz"
  integrity sha512-1n4br1znquEvyW/QuqMKQZlBen+jxAbvyduU87RS8R3tUSvByAkcaMTkJepNIrTlYhD+U25K4iiCIxE6BGdRYA==
  optionalDependencies:
    "@tailwindcss/oxide-android-arm64" "4.1.5"
    "@tailwindcss/oxide-darwin-arm64" "4.1.5"
    "@tailwindcss/oxide-darwin-x64" "4.1.5"
    "@tailwindcss/oxide-freebsd-x64" "4.1.5"
    "@tailwindcss/oxide-linux-arm-gnueabihf" "4.1.5"
    "@tailwindcss/oxide-linux-arm64-gnu" "4.1.5"
    "@tailwindcss/oxide-linux-arm64-musl" "4.1.5"
    "@tailwindcss/oxide-linux-x64-gnu" "4.1.5"
    "@tailwindcss/oxide-linux-x64-musl" "4.1.5"
    "@tailwindcss/oxide-wasm32-wasi" "4.1.5"
    "@tailwindcss/oxide-win32-arm64-msvc" "4.1.5"
    "@tailwindcss/oxide-win32-x64-msvc" "4.1.5"

"@tailwindcss/postcss@^4":
  version "4.1.5"
  resolved "https://registry.npmjs.org/@tailwindcss/postcss/-/postcss-4.1.5.tgz"
  integrity sha512-5lAC2/pzuyfhsFgk6I58HcNy6vPK3dV/PoPxSDuOTVbDvCddYHzHiJZZInGIY0venvzzfrTEUAXJFULAfFmObg==
  dependencies:
    "@alloc/quick-lru" "^5.2.0"
    "@tailwindcss/node" "4.1.5"
    "@tailwindcss/oxide" "4.1.5"
    postcss "^8.4.41"
    tailwindcss "4.1.5"

"@types/node@^20":
  version "20.17.46"
  resolved "https://registry.npmjs.org/@types/node/-/node-20.17.46.tgz"
  integrity sha512-0PQHLhZPWOxGW4auogW0eOQAuNIlCYvibIpG67ja0TOJ6/sehu+1en7sfceUn+QQtx4Rk3GxbLNwPh0Cav7TWw==
  dependencies:
    undici-types "~6.19.2"

"@types/react-dom@^19":
  version "19.1.3"
  resolved "https://registry.npmjs.org/@types/react-dom/-/react-dom-19.1.3.tgz"
  integrity sha512-rJXC08OG0h3W6wDMFxQrZF00Kq6qQvw0djHRdzl3U5DnIERz0MRce3WVc7IS6JYBwtaP/DwYtRRjVlvivNveKg==

"@types/react@^19":
  version "19.1.3"
  resolved "https://registry.npmjs.org/@types/react/-/react-19.1.3.tgz"
  integrity sha512-dLWQ+Z0CkIvK1J8+wrDPwGxEYFA4RAyHoZPxHVGspYmFVnwGSNT24cGIhFJrtfRnWVuW8X7NO52gCXmhkVUWGQ==
  dependencies:
    csstype "^3.0.2"

aria-hidden@^1.2.4:
  version "1.2.4"
  resolved "https://registry.npmjs.org/aria-hidden/-/aria-hidden-1.2.4.tgz"
  integrity sha512-y+CcFFwelSXpLZk/7fMB2mUbGtX9lKycf1MWJ7CaTIERyitVlyQx6C+sxcROU2BAJ24OiZyK+8wj2i8AlBoS3A==
  dependencies:
    tslib "^2.0.0"

autoprefixer@^10.4.20:
  version "10.4.21"
  resolved "https://registry.npmjs.org/autoprefixer/-/autoprefixer-10.4.21.tgz"
  integrity sha512-O+A6LWV5LDHSJD3LjHYoNi4VLsj/Whi7k6zG12xTYaU4cQ8oxQGckXNX8cRHK5yOZ/ppVHe0ZBXGzSV9jXdVbQ==
  dependencies:
    browserslist "^4.24.4"
    caniuse-lite "^1.0.30001702"
    fraction.js "^4.3.7"
    normalize-range "^0.1.2"
    picocolors "^1.1.1"
    postcss-value-parser "^4.2.0"

browserslist@^4.24.4:
  version "4.24.5"
  resolved "https://registry.npmjs.org/browserslist/-/browserslist-4.24.5.tgz"
  integrity sha512-FDToo4Wo82hIdgc1CQ+NQD0hEhmpPjrZ3hiUgwgOG6IuTdlpr8jdjyG24P6cNP1yJpTLzS5OcGgSw0xmDU1/Tw==
  dependencies:
    caniuse-lite "^1.0.30001716"
    electron-to-chromium "^1.5.149"
    node-releases "^2.0.19"
    update-browserslist-db "^1.1.3"

busboy@1.6.0:
  version "1.6.0"
  resolved "https://registry.npmjs.org/busboy/-/busboy-1.6.0.tgz"
  integrity sha512-8SFQbg/0hQ9xy3UNTB0YEnsNBbWfhf7RtnzpL7TkBiTBRfrQ9Fxcnz7VJsleJpyp6rVLvXiuORqjlHi5q+PYuA==
  dependencies:
    streamsearch "^1.1.0"

caniuse-lite@^1.0.30001579, caniuse-lite@^1.0.30001702, caniuse-lite@^1.0.30001716:
  version "1.0.30001717"
  resolved "https://registry.npmjs.org/caniuse-lite/-/caniuse-lite-1.0.30001717.tgz"
  integrity sha512-auPpttCq6BDEG8ZAuHJIplGw6GODhjw+/11e7IjpnYCxZcW/ONgPs0KVBJ0d1bY3e2+7PRe5RCLyP+PfwVgkYw==

canvas-confetti@^1.9.3:
  version "1.9.3"
  resolved "https://registry.npmjs.org/canvas-confetti/-/canvas-confetti-1.9.3.tgz"
  integrity sha512-rFfTURMvmVEX1gyXFgn5QMn81bYk70qa0HLzcIOSVEyl57n6o9ItHeBtUSWdvKAPY0xlvBHno4/v3QPrT83q9g==

class-variance-authority@^0.7.1:
  version "0.7.1"
  resolved "https://registry.npmjs.org/class-variance-authority/-/class-variance-authority-0.7.1.tgz"
  integrity sha512-Ka+9Trutv7G8M6WT6SeiRWz792K5qEqIGEGzXKhAE6xOWAY6pPH8U+9IY3oCMv6kqTmLsv7Xh/2w2RigkePMsg==
  dependencies:
    clsx "^2.1.1"

client-only@0.0.1:
  version "0.0.1"
  resolved "https://registry.npmjs.org/client-only/-/client-only-0.0.1.tgz"
  integrity sha512-IV3Ou0jSMzZrd3pZ48nLkT9DA7Ag1pnPzaiQhpW7c3RbcqqzvzzVu+L8gfqMp/8IM2MQtSiqaCxrrcfu8I8rMA==

clsx@^2.1.1:
  version "2.1.1"
  resolved "https://registry.npmjs.org/clsx/-/clsx-2.1.1.tgz"
  integrity sha512-eYm0QWBtUrBWZWG0d386OGAw16Z995PiOVo2B7bjWSbHedGl5e0ZWaq65kOGgUSNesEIDkB9ISbTg/JK9dhCZA==

cmdk@1.0.4:
  version "1.0.4"
  resolved "https://registry.npmjs.org/cmdk/-/cmdk-1.0.4.tgz"
  integrity sha512-AnsjfHyHpQ/EFeAnG216WY7A5LiYCoZzCSygiLvfXC3H3LFGCprErteUcszaVluGOhuOTbJS3jWHrSDYPBBygg==
  dependencies:
    "@radix-ui/react-dialog" "^1.1.2"
    "@radix-ui/react-id" "^1.1.0"
    "@radix-ui/react-primitive" "^2.0.0"
    use-sync-external-store "^1.2.2"

color-convert@^2.0.1:
  version "2.0.1"
  resolved "https://registry.npmjs.org/color-convert/-/color-convert-2.0.1.tgz"
  integrity sha512-RRECPsj7iu/xb5oKYcsFHSppFNnsj/52OVTRKb4zP5onXwVF3zVmmToNcOfGC+CRDpfK/U584fMg38ZHCaElKQ==
  dependencies:
    color-name "~1.1.4"

color-name@^1.0.0, color-name@~1.1.4:
  version "1.1.4"
  resolved "https://registry.npmjs.org/color-name/-/color-name-1.1.4.tgz"
  integrity sha512-dOy+3AuW3a2wNbZHIuMZpTcgjGuLU/uBL/ubcZF9OXbDo8ff4O8yVp5Bf0efS8uEoYo5q4Fx7dY9OgQGXgAsQA==

color-string@^1.9.0:
  version "1.9.1"
  resolved "https://registry.npmjs.org/color-string/-/color-string-1.9.1.tgz"
  integrity sha512-shrVawQFojnZv6xM40anx4CkoDP+fZsw/ZerEMsW/pyzsRbElpsL/DBVW7q3ExxwusdNXI3lXpuhEZkzs8p5Eg==
  dependencies:
    color-name "^1.0.0"
    simple-swizzle "^0.2.2"

color@^4.2.3:
  version "4.2.3"
  resolved "https://registry.npmjs.org/color/-/color-4.2.3.tgz"
  integrity sha512-1rXeuUUiGGrykh+CeBdu5Ie7OJwinCgQY0bc7GCRxy5xVHy+moaqkpL/jqQq0MtQOeYcrqEz4abc5f0KtU7W4A==
  dependencies:
    color-convert "^2.0.1"
    color-string "^1.9.0"

csstype@^3.0.2:
  version "3.1.3"
  resolved "https://registry.npmjs.org/csstype/-/csstype-3.1.3.tgz"
  integrity sha512-M1uQkMl8rQK/szD0LNhtqxIPLpimGm8sOBwU7lLnCpSbTyY3yeU1Vc7l4KT5zT4s/yOxHH5O7tIuuLOCnLADRw==

detect-libc@^2.0.3:
  version "2.0.4"
  resolved "https://registry.npmjs.org/detect-libc/-/detect-libc-2.0.4.tgz"
  integrity sha512-3UDv+G9CsCKO1WKMGw9fwq/SWJYbI0c5Y7LU1AXYoDdbhE2AHQ6N6Nb34sG8Fj7T5APy8qXDCKuuIHd1BR0tVA==

detect-node-es@^1.1.0:
  version "1.1.0"
  resolved "https://registry.npmjs.org/detect-node-es/-/detect-node-es-1.1.0.tgz"
  integrity sha512-ypdmJU/TbBby2Dxibuv7ZLW3Bs1QEmM7nHjEANfohJLvE0XVujisn1qPJcZxg+qDucsr+bP6fLD1rPS3AhJ7EQ==

electron-to-chromium@^1.5.149:
  version "1.5.151"
  resolved "https://registry.npmjs.org/electron-to-chromium/-/electron-to-chromium-1.5.151.tgz"
  integrity sha512-Rl6uugut2l9sLojjS4H4SAr3A4IgACMLgpuEMPYCVcKydzfyPrn5absNRju38IhQOf/NwjJY8OGWjlteqYeBCA==

enhanced-resolve@^5.18.1:
  version "5.18.1"
  resolved "https://registry.npmjs.org/enhanced-resolve/-/enhanced-resolve-5.18.1.tgz"
  integrity sha512-ZSW3ma5GkcQBIpwZTSRAI8N71Uuwgs93IezB7mf7R60tC8ZbJideoDNKjHn2O9KIlx6rkGTTEk1xUCK2E1Y2Yg==
  dependencies:
    graceful-fs "^4.2.4"
    tapable "^2.2.0"

escalade@^3.2.0:
  version "3.2.0"
  resolved "https://registry.npmjs.org/escalade/-/escalade-3.2.0.tgz"
  integrity sha512-WUj2qlxaQtO4g6Pq5c29GTcWGDyd8itL8zTlipgECz3JesAiiOKotd8JU6otB3PACgG6xkJUyVhboMS+bje/jA==

fraction.js@^4.3.7:
  version "4.3.7"
  resolved "https://registry.npmjs.org/fraction.js/-/fraction.js-4.3.7.tgz"
  integrity sha512-ZsDfxO51wGAXREY55a7la9LScWpwv9RxIrYABrlvOFBlH/ShPnrtsXeuUIfXKKOVicNxQ+o8JTbJvjS4M89yew==

framer-motion@latest:
  version "12.10.4"
  resolved "https://registry.npmjs.org/framer-motion/-/framer-motion-12.10.4.tgz"
  integrity sha512-gGkavMW3QFDCxI+adVu5sn2NtIRHYPGVLDSJ0S/6B0ZoxPaql2F9foWdg9sGIP6sPA8cbNDfxYf9VlhD3+FkVQ==
  dependencies:
    motion-dom "^12.10.4"
    motion-utils "^12.9.4"
    tslib "^2.4.0"

get-nonce@^1.0.0:
  version "1.0.1"
  resolved "https://registry.npmjs.org/get-nonce/-/get-nonce-1.0.1.tgz"
  integrity sha512-FJhYRoDaiatfEkUK8HKlicmu/3SGFD51q3itKDGoSTysQJBnfOcxU5GxnhE1E6soB76MbT0MBtnKJuXyAx+96Q==

graceful-fs@^4.2.4:
  version "4.2.11"
  resolved "https://registry.npmjs.org/graceful-fs/-/graceful-fs-4.2.11.tgz"
  integrity sha512-RbJ5/jmFcNNCcDV5o9eTnBLJ/HszWV0P73bc+Ff4nS/rJj+YaS6IGyiOL0VoBYX+l1Wrl3k63h/KrH+nhJ0XvQ==

gsap@^3.13.0:
  version "3.13.0"
  resolved "https://registry.npmjs.org/gsap/-/gsap-3.13.0.tgz"
  integrity sha512-QL7MJ2WMjm1PHWsoFrAQH/J8wUeqZvMtHO58qdekHpCfhvhSL4gSiz6vJf5EeMP0LOn3ZCprL2ki/gjED8ghVw==

is-arrayish@^0.3.1:
  version "0.3.2"
  resolved "https://registry.npmjs.org/is-arrayish/-/is-arrayish-0.3.2.tgz"
  integrity sha512-eVRqCvVlZbuw3GrM63ovNSNAeA1K16kaR/LRY/92w0zxQ5/1YzwblUX652i4Xs9RwAGjW9d9y6X88t8OaAJfWQ==

jiti@^2.4.2:
  version "2.4.2"
  resolved "https://registry.npmjs.org/jiti/-/jiti-2.4.2.tgz"
  integrity sha512-rg9zJN+G4n2nfJl5MW3BMygZX56zKPNVEYYqq7adpmMh4Jn2QNEwhvQlFy6jPVdcod7txZtKHWnyZiA3a0zP7A==

lightningcss-darwin-arm64@1.29.2:
  version "1.29.2"
  resolved "https://registry.npmjs.org/lightningcss-darwin-arm64/-/lightningcss-darwin-arm64-1.29.2.tgz"
  integrity sha512-cK/eMabSViKn/PG8U/a7aCorpeKLMlK0bQeNHmdb7qUnBkNPnL+oV5DjJUo0kqWsJUapZsM4jCfYItbqBDvlcA==

lightningcss@1.29.2:
  version "1.29.2"
  resolved "https://registry.npmjs.org/lightningcss/-/lightningcss-1.29.2.tgz"
  integrity sha512-6b6gd/RUXKaw5keVdSEtqFVdzWnU5jMxTUjA2bVcMNPLwSQ08Sv/UodBVtETLCn7k4S1Ibxwh7k68IwLZPgKaA==
  dependencies:
    detect-libc "^2.0.3"
  optionalDependencies:
    lightningcss-darwin-arm64 "1.29.2"
    lightningcss-darwin-x64 "1.29.2"
    lightningcss-freebsd-x64 "1.29.2"
    lightningcss-linux-arm-gnueabihf "1.29.2"
    lightningcss-linux-arm64-gnu "1.29.2"
    lightningcss-linux-arm64-musl "1.29.2"
    lightningcss-linux-x64-gnu "1.29.2"
    lightningcss-linux-x64-musl "1.29.2"
    lightningcss-win32-arm64-msvc "1.29.2"
    lightningcss-win32-x64-msvc "1.29.2"

lucide-react@^0.508.0:
  version "0.508.0"
  resolved "https://registry.npmjs.org/lucide-react/-/lucide-react-0.508.0.tgz"
  integrity sha512-gcP16PnexqtOFrTtv98kVsGzTfnbPekzZiQfByi2S89xfk7E/4uKE1USZqccIp58v42LqkO7MuwpCqshwSrJCg==

motion-dom@^12.10.4:
  version "12.10.4"
  resolved "https://registry.npmjs.org/motion-dom/-/motion-dom-12.10.4.tgz"
  integrity sha512-GSv8kz0ANFfeGrFKi99s3GQjLiL1IKH3KtSNEqrPiVbloHVRiNbNtpsYQq9rkV2AV+7jxvd1X1ObUMVDnAEnXA==
  dependencies:
    motion-utils "^12.9.4"

motion-utils@^12.9.4:
  version "12.9.4"
  resolved "https://registry.npmjs.org/motion-utils/-/motion-utils-12.9.4.tgz"
  integrity sha512-BW3I65zeM76CMsfh3kHid9ansEJk9Qvl+K5cu4DVHKGsI52n76OJ4z2CUJUV+Mn3uEP9k1JJA3tClG0ggSrRcg==

nanoid@^3.3.6, nanoid@^3.3.8:
  version "3.3.11"
  resolved "https://registry.npmjs.org/nanoid/-/nanoid-3.3.11.tgz"
  integrity sha512-N8SpfPUnUp1bK+PMYW8qSWdl9U+wwNWI4QKxOYDy9JAro3WMX7p2OeVRF9v+347pnakNevPmiHhNmZ2HbFA76w==

next@15.3.2:
  version "15.3.2"
  resolved "https://registry.npmjs.org/next/-/next-15.3.2.tgz"
  integrity sha512-CA3BatMyHkxZ48sgOCLdVHjFU36N7TF1HhqAHLFOkV6buwZnvMI84Cug8xD56B9mCuKrqXnLn94417GrZ/jjCQ==
  dependencies:
    "@next/env" "15.3.2"
    "@swc/counter" "0.1.3"
    "@swc/helpers" "0.5.15"
    busboy "1.6.0"
    caniuse-lite "^1.0.30001579"
    postcss "8.4.31"
    styled-jsx "5.1.6"
  optionalDependencies:
    "@next/swc-darwin-arm64" "15.3.2"
    "@next/swc-darwin-x64" "15.3.2"
    "@next/swc-linux-arm64-gnu" "15.3.2"
    "@next/swc-linux-arm64-musl" "15.3.2"
    "@next/swc-linux-x64-gnu" "15.3.2"
    "@next/swc-linux-x64-musl" "15.3.2"
    "@next/swc-win32-arm64-msvc" "15.3.2"
    "@next/swc-win32-x64-msvc" "15.3.2"
    sharp "^0.34.1"

node-releases@^2.0.19:
  version "2.0.19"
  resolved "https://registry.npmjs.org/node-releases/-/node-releases-2.0.19.tgz"
  integrity sha512-xxOWJsBKtzAq7DY0J+DTzuz58K8e7sJbdgwkbMWQe8UYB6ekmsQ45q0M/tJDsGaZmbC+l7n57UV8Hl5tHxO9uw==

normalize-range@^0.1.2:
  version "0.1.2"
  resolved "https://registry.npmjs.org/normalize-range/-/normalize-range-0.1.2.tgz"
  integrity sha512-bdok/XvKII3nUpklnV6P2hxtMNrCboOjAcyBuQnWEhO665FwrSNRxU+AqpsyvO6LgGYPspN+lu5CLtw4jPRKNA==

picocolors@^1.0.0, picocolors@^1.1.1:
  version "1.1.1"
  resolved "https://registry.npmjs.org/picocolors/-/picocolors-1.1.1.tgz"
  integrity sha512-xceH2snhtb5M9liqDsmEw56le376mTZkEX/jEb/RxNFyegNul7eNslCXP9FDj/Lcu0X8KEyMceP2ntpaHrDEVA==

postcss-value-parser@^4.2.0:
  version "4.2.0"
  resolved "https://registry.npmjs.org/postcss-value-parser/-/postcss-value-parser-4.2.0.tgz"
  integrity sha512-1NNCs6uurfkVbeXG4S8JFT9t19m45ICnif8zWLd5oPSZ50QnwMfK+H3jv408d4jw/7Bttv5axS5IiHoLaVNHeQ==

postcss@^8.4.41:
  version "8.5.3"
  resolved "https://registry.npmjs.org/postcss/-/postcss-8.5.3.tgz"
  integrity sha512-dle9A3yYxlBSrt8Fu+IpjGT8SY8hN0mlaA6GY8t0P5PjIOZemULz/E2Bnm/2dcUOena75OTNkHI76uZBNUUq3A==
  dependencies:
    nanoid "^3.3.8"
    picocolors "^1.1.1"
    source-map-js "^1.2.1"

postcss@8.4.31:
  version "8.4.31"
  resolved "https://registry.npmjs.org/postcss/-/postcss-8.4.31.tgz"
  integrity sha512-PS08Iboia9mts/2ygV3eLpY5ghnUcfLV/EXTOW1E2qYxJKGGBUtNjN76FYHnMs36RmARn41bC0AZmn+rR0OVpQ==
  dependencies:
    nanoid "^3.3.6"
    picocolors "^1.0.0"
    source-map-js "^1.0.2"

react-dom@^19.0.0:
  version "19.1.0"
  resolved "https://registry.npmjs.org/react-dom/-/react-dom-19.1.0.tgz"
  integrity sha512-Xs1hdnE+DyKgeHJeJznQmYMIBG3TKIHJJT95Q58nHLSrElKlGQqDTR2HQ9fx5CN/Gk6Vh/kupBTDLU11/nDk/g==
  dependencies:
    scheduler "^0.26.0"

react-remove-scroll-bar@^2.3.7:
  version "2.3.8"
  resolved "https://registry.npmjs.org/react-remove-scroll-bar/-/react-remove-scroll-bar-2.3.8.tgz"
  integrity sha512-9r+yi9+mgU33AKcj6IbT9oRCO78WriSj6t/cF8DWBZJ9aOGPOTEDvdUDz1FwKim7QXWwmHqtdHnRJfhAxEG46Q==
  dependencies:
    react-style-singleton "^2.2.2"
    tslib "^2.0.0"

react-remove-scroll@^2.6.3:
  version "2.6.3"
  resolved "https://registry.npmjs.org/react-remove-scroll/-/react-remove-scroll-2.6.3.tgz"
  integrity sha512-pnAi91oOk8g8ABQKGF5/M9qxmmOPxaAnopyTHYfqYEwJhyFrbbBtHuSgtKEoH0jpcxx5o3hXqH1mNd9/Oi+8iQ==
  dependencies:
    react-remove-scroll-bar "^2.3.7"
    react-style-singleton "^2.2.3"
    tslib "^2.1.0"
    use-callback-ref "^1.3.3"
    use-sidecar "^1.1.3"

react-resizable-panels@^2.1.7:
  version "2.1.9"
  resolved "https://registry.npmjs.org/react-resizable-panels/-/react-resizable-panels-2.1.9.tgz"
  integrity sha512-z77+X08YDIrgAes4jl8xhnUu1LNIRp4+E7cv4xHmLOxxUPO/ML7PSrE813b90vj7xvQ1lcf7g2uA9GeMZonjhQ==

react-style-singleton@^2.2.2, react-style-singleton@^2.2.3:
  version "2.2.3"
  resolved "https://registry.npmjs.org/react-style-singleton/-/react-style-singleton-2.2.3.tgz"
  integrity sha512-b6jSvxvVnyptAiLjbkWLE/lOnR4lfTtDAl+eUC7RZy+QQWc6wRzIV2CE6xBuMmDxc2qIihtDCZD5NPOFl7fRBQ==
  dependencies:
    get-nonce "^1.0.0"
    tslib "^2.0.0"

react@^19.0.0:
  version "19.1.0"
  resolved "https://registry.npmjs.org/react/-/react-19.1.0.tgz"
  integrity sha512-FS+XFBNvn3GTAWq26joslQgWNoFu08F4kl0J4CgdNKADkdSGXQyTCnKteIAJy96Br6YbpEU1LSzV5dYtjMkMDg==

scheduler@^0.26.0:
  version "0.26.0"
  resolved "https://registry.npmjs.org/scheduler/-/scheduler-0.26.0.tgz"
  integrity sha512-NlHwttCI/l5gCPR3D1nNXtWABUmBwvZpEQiD4IXSbIDq8BzLIK/7Ir5gTFSGZDUu37K5cMNp0hFtzO38sC7gWA==

semver@^7.7.1:
  version "7.7.1"
  resolved "https://registry.npmjs.org/semver/-/semver-7.7.1.tgz"
  integrity sha512-hlq8tAfn0m/61p4BVRcPzIGr6LKiMwo4VM6dGi6pt4qcRkmNzTcWq6eCEjEh+qXjkMDvPlOFFSGwQjoEa6gyMA==

sharp@^0.34.1:
  version "0.34.1"
  resolved "https://registry.npmjs.org/sharp/-/sharp-0.34.1.tgz"
  integrity sha512-1j0w61+eVxu7DawFJtnfYcvSv6qPFvfTaqzTQ2BLknVhHTwGS8sc63ZBF4rzkWMBVKybo4S5OBtDdZahh2A1xg==
  dependencies:
    color "^4.2.3"
    detect-libc "^2.0.3"
    semver "^7.7.1"
  optionalDependencies:
    "@img/sharp-darwin-arm64" "0.34.1"
    "@img/sharp-darwin-x64" "0.34.1"
    "@img/sharp-libvips-darwin-arm64" "1.1.0"
    "@img/sharp-libvips-darwin-x64" "1.1.0"
    "@img/sharp-libvips-linux-arm" "1.1.0"
    "@img/sharp-libvips-linux-arm64" "1.1.0"
    "@img/sharp-libvips-linux-ppc64" "1.1.0"
    "@img/sharp-libvips-linux-s390x" "1.1.0"
    "@img/sharp-libvips-linux-x64" "1.1.0"
    "@img/sharp-libvips-linuxmusl-arm64" "1.1.0"
    "@img/sharp-libvips-linuxmusl-x64" "1.1.0"
    "@img/sharp-linux-arm" "0.34.1"
    "@img/sharp-linux-arm64" "0.34.1"
    "@img/sharp-linux-s390x" "0.34.1"
    "@img/sharp-linux-x64" "0.34.1"
    "@img/sharp-linuxmusl-arm64" "0.34.1"
    "@img/sharp-linuxmusl-x64" "0.34.1"
    "@img/sharp-wasm32" "0.34.1"
    "@img/sharp-win32-ia32" "0.34.1"
    "@img/sharp-win32-x64" "0.34.1"

simple-swizzle@^0.2.2:
  version "0.2.2"
  resolved "https://registry.npmjs.org/simple-swizzle/-/simple-swizzle-0.2.2.tgz"
  integrity sha512-JA//kQgZtbuY83m+xT+tXJkmJncGMTFT+C+g2h2R9uxkYIrE2yy9sgmcLhCnw57/WSD+Eh3J97FPEDFnbXnDUg==
  dependencies:
    is-arrayish "^0.3.1"

source-map-js@^1.0.2, source-map-js@^1.2.1:
  version "1.2.1"
  resolved "https://registry.npmjs.org/source-map-js/-/source-map-js-1.2.1.tgz"
  integrity sha512-UXWMKhLOwVKb728IUtQPXxfYU+usdybtUrK/8uGE8CQMvrhOpwvzDBwj0QhSL7MQc7vIsISBG8VQ8+IDQxpfQA==

streamsearch@^1.1.0:
  version "1.1.0"
  resolved "https://registry.npmjs.org/streamsearch/-/streamsearch-1.1.0.tgz"
  integrity sha512-Mcc5wHehp9aXz1ax6bZUyY5afg9u2rv5cqQI3mRrYkGC8rW2hM02jWuwjtL++LS5qinSyhj2QfLyNsuc+VsExg==

styled-jsx@5.1.6:
  version "5.1.6"
  resolved "https://registry.npmjs.org/styled-jsx/-/styled-jsx-5.1.6.tgz"
  integrity sha512-qSVyDTeMotdvQYoHWLNGwRFJHC+i+ZvdBRYosOFgC+Wg1vx4frN2/RG/NA7SYqqvKNLf39P2LSRA2pu6n0XYZA==
  dependencies:
    client-only "0.0.1"

tailwind-merge@^2.5.5:
  version "2.6.0"
  resolved "https://registry.npmjs.org/tailwind-merge/-/tailwind-merge-2.6.0.tgz"
  integrity sha512-P+Vu1qXfzediirmHOC3xKGAYeZtPcV9g76X+xg2FD4tYgR71ewMA35Y3sCz3zhiN/dwefRpJX0yBcgwi1fXNQA==

tailwindcss-animate@^1.0.7:
  version "1.0.7"
  resolved "https://registry.npmjs.org/tailwindcss-animate/-/tailwindcss-animate-1.0.7.tgz"
  integrity sha512-bl6mpH3T7I3UFxuvDEXLxy/VuFxBk5bbzplh7tXI68mwMokNYd1t9qPBHlnyTwfa4JGC4zP516I1hYYtQ/vspA==

tailwindcss@^4, tailwindcss@4.1.5:
  version "4.1.5"
  resolved "https://registry.npmjs.org/tailwindcss/-/tailwindcss-4.1.5.tgz"
  integrity sha512-nYtSPfWGDiWgCkwQG/m+aX83XCwf62sBgg3bIlNiiOcggnS1x3uVRDAuyelBFL+vJdOPPCGElxv9DjHJjRHiVA==

tapable@^2.2.0:
  version "2.2.1"
  resolved "https://registry.npmjs.org/tapable/-/tapable-2.2.1.tgz"
  integrity sha512-GNzQvQTOIP6RyTfE2Qxb8ZVlNmw0n88vp1szwWRimP02mnTsx3Wtn5qRdqY9w2XduFNUgvOwhNnQsjwCp+kqaQ==

tslib@^2.0.0, tslib@^2.1.0, tslib@^2.4.0, tslib@^2.8.0:
  version "2.8.1"
  resolved "https://registry.npmjs.org/tslib/-/tslib-2.8.1.tgz"
  integrity sha512-oJFu94HQb+KVduSUQL7wnpmqnfmLsOA/nAh6b6EH0wCEoK0/mPeXU6c3wKDV83MkOuHPRHtSXKKU99IBazS/2w==

typescript@^5:
  version "5.8.3"
  resolved "https://registry.npmjs.org/typescript/-/typescript-5.8.3.tgz"
  integrity sha512-p1diW6TqL9L07nNxvRMM7hMMw4c5XOo/1ibL4aAIGmSAt9slTE1Xgw5KWuof2uTOvCg9BY7ZRi+GaF+7sfgPeQ==

undici-types@~6.19.2:
  version "6.19.8"
  resolved "https://registry.npmjs.org/undici-types/-/undici-types-6.19.8.tgz"
  integrity sha512-ve2KP6f/JnbPBFyobGHuerC9g1FYGn/F8n1LWTwNxCEzd6IfqTwUQcNXgEtmmQ6DlRrC1hrSrBnCZPokRrDHjw==

update-browserslist-db@^1.1.3:
  version "1.1.3"
  resolved "https://registry.npmjs.org/update-browserslist-db/-/update-browserslist-db-1.1.3.tgz"
  integrity sha512-UxhIZQ+QInVdunkDAaiazvvT/+fXL5Osr0JZlJulepYu6Jd7qJtDZjlur0emRlT71EN3ScPoE7gvsuIKKNavKw==
  dependencies:
    escalade "^3.2.0"
    picocolors "^1.1.1"

use-callback-ref@^1.3.3:
  version "1.3.3"
  resolved "https://registry.npmjs.org/use-callback-ref/-/use-callback-ref-1.3.3.tgz"
  integrity sha512-jQL3lRnocaFtu3V00JToYz/4QkNWswxijDaCVNZRiRTO3HQDLsdu1ZtmIUvV4yPp+rvWm5j0y0TG/S61cuijTg==
  dependencies:
    tslib "^2.0.0"

use-sidecar@^1.1.3:
  version "1.1.3"
  resolved "https://registry.npmjs.org/use-sidecar/-/use-sidecar-1.1.3.tgz"
  integrity sha512-Fedw0aZvkhynoPYlA5WXrMCAMm+nSWdZt6lzJQ7Ok8S6Q+VsHmHpRWndVRJ8Be0ZbkfPc5LRYH+5XrzXcEeLRQ==
  dependencies:
    detect-node-es "^1.1.0"
    tslib "^2.0.0"

use-sync-external-store@^1.2.2:
  version "1.5.0"
  resolved "https://registry.npmjs.org/use-sync-external-store/-/use-sync-external-store-1.5.0.tgz"
  integrity sha512-Rb46I4cGGVBmjamjphe8L/UnvJD+uPPtTkNvX5mZgqdbavhI4EbgIWJiIHXJ8bc/i9EQGPRh4DwEURJ552Do0A==

vaul@^0.9.6:
  version "0.9.9"
  resolved "https://registry.npmjs.org/vaul/-/vaul-0.9.9.tgz"
  integrity sha512-7afKg48srluhZwIkaU+lgGtFCUsYBSGOl8vcc8N/M3YQlZFlynHD15AE+pwrYdc826o7nrIND4lL9Y6b9WWZZQ==
  dependencies:
    "@radix-ui/react-dialog" "^1.1.1"

zod@^3.24.1:
  version "3.24.4"
  resolved "https://registry.npmjs.org/zod/-/zod-3.24.4.tgz"
  integrity sha512-OdqJE9UDRPwWsrHjLN2F8bPxvwJBK22EHLWtanu0LSYr5YqzsaaW3RMgmjwr8Rypg5k+meEJdSPXJZXE/yqOMg==
